
Microsoft Visual Studio Solution File, Format Version 12.00
# Visual Studio Version 16
VisualStudioVersion = 25.0.1700.0
MinimumVisualStudioVersion = 10.0.40219.1
Project("{FAE04EC0-301F-11D3-BF4B-00C04F79EFBC}") = "SmartG.API", "SmartG.API\SmartG.API.csproj", "{AC7CD357-87C0-43CA-9E8A-4418E6FE28D4}"
EndProject
Project("{FAE04EC0-301F-11D3-BF4B-00C04F79EFBC}") = "SmartG.LoggerService", "SmartG.LoggerService\SmartG.LoggerService.csproj", "{B63B4CB6-837B-4FB2-933A-35802A1D1429}"
EndProject
Project("{FAE04EC0-301F-11D3-BF4B-00C04F79EFBC}") = "SmartG.Contracts", "SmartG.Contracts\SmartG.Contracts.csproj", "{E70BF1E8-65A4-4D99-A75F-FAD3C6CEB718}"
EndProject
Project("{FAE04EC0-301F-11D3-BF4B-00C04F79EFBC}") = "SmartG.Entities", "SmartG.Entities\SmartG.Entities.csproj", "{23323CAB-800A-461E-A4B4-94889812A417}"
EndProject
Project("{FAE04EC0-301F-11D3-BF4B-00C04F79EFBC}") = "SmartG.Repository", "SmartG.Repository\SmartG.Repository.csproj", "{AD24F914-E704-4A7E-8A27-8B88ACC47C18}"
EndProject
Project("{FAE04EC0-301F-11D3-BF4B-00C04F79EFBC}") = "SmartG.Shared", "SmartG.Shared\SmartG.Shared.csproj", "{28473D42-2D2B-4431-87F8-7F67D496F866}"
EndProject
Project("{FAE04EC0-301F-11D3-BF4B-00C04F79EFBC}") = "SmartG.Service", "SmartG.Service\SmartG.Service.csproj", "{77996EAC-9845-4531-87F8-ABBD9B7E1023}"
EndProject
Project("{FAE04EC0-301F-11D3-BF4B-00C04F79EFBC}") = "SmartG.Service.Contracts", "SmartG.Service.Contracts\SmartG.Service.Contracts.csproj", "{EB9D2219-3741-4036-BE0A-23BEE41B286A}"
EndProject
Project("{FAE04EC0-301F-11D3-BF4B-00C04F79EFBC}") = "SmartG.EmailService", "SmartG.EmailService\SmartG.EmailService.csproj", "{4F377F8E-FE15-4A70-A185-459BF064419F}"
EndProject
Project("{FAE04EC0-301F-11D3-BF4B-00C04F79EFBC}") = "SmartG.CloudinaryService", "SmartG.CloudinaryService\SmartG.CloudinaryService.csproj", "{57A98366-4C41-4A73-B937-D7C6BACBA637}"
EndProject
Global
	GlobalSection(SolutionConfigurationPlatforms) = preSolution
		Debug|Any CPU = Debug|Any CPU
		Release|Any CPU = Release|Any CPU
	EndGlobalSection
	GlobalSection(ProjectConfigurationPlatforms) = postSolution
		{AC7CD357-87C0-43CA-9E8A-4418E6FE28D4}.Debug|Any CPU.ActiveCfg = Debug|Any CPU
		{AC7CD357-87C0-43CA-9E8A-4418E6FE28D4}.Debug|Any CPU.Build.0 = Debug|Any CPU
		{AC7CD357-87C0-43CA-9E8A-4418E6FE28D4}.Release|Any CPU.ActiveCfg = Release|Any CPU
		{AC7CD357-87C0-43CA-9E8A-4418E6FE28D4}.Release|Any CPU.Build.0 = Release|Any CPU
		{B63B4CB6-837B-4FB2-933A-35802A1D1429}.Debug|Any CPU.ActiveCfg = Debug|Any CPU
		{B63B4CB6-837B-4FB2-933A-35802A1D1429}.Debug|Any CPU.Build.0 = Debug|Any CPU
		{B63B4CB6-837B-4FB2-933A-35802A1D1429}.Release|Any CPU.ActiveCfg = Release|Any CPU
		{B63B4CB6-837B-4FB2-933A-35802A1D1429}.Release|Any CPU.Build.0 = Release|Any CPU
		{E70BF1E8-65A4-4D99-A75F-FAD3C6CEB718}.Debug|Any CPU.ActiveCfg = Debug|Any CPU
		{E70BF1E8-65A4-4D99-A75F-FAD3C6CEB718}.Debug|Any CPU.Build.0 = Debug|Any CPU
		{E70BF1E8-65A4-4D99-A75F-FAD3C6CEB718}.Release|Any CPU.ActiveCfg = Release|Any CPU
		{E70BF1E8-65A4-4D99-A75F-FAD3C6CEB718}.Release|Any CPU.Build.0 = Release|Any CPU
		{23323CAB-800A-461E-A4B4-94889812A417}.Debug|Any CPU.ActiveCfg = Debug|Any CPU
		{23323CAB-800A-461E-A4B4-94889812A417}.Debug|Any CPU.Build.0 = Debug|Any CPU
		{23323CAB-800A-461E-A4B4-94889812A417}.Release|Any CPU.ActiveCfg = Release|Any CPU
		{23323CAB-800A-461E-A4B4-94889812A417}.Release|Any CPU.Build.0 = Release|Any CPU
		{AD24F914-E704-4A7E-8A27-8B88ACC47C18}.Debug|Any CPU.ActiveCfg = Debug|Any CPU
		{AD24F914-E704-4A7E-8A27-8B88ACC47C18}.Debug|Any CPU.Build.0 = Debug|Any CPU
		{AD24F914-E704-4A7E-8A27-8B88ACC47C18}.Release|Any CPU.ActiveCfg = Release|Any CPU
		{AD24F914-E704-4A7E-8A27-8B88ACC47C18}.Release|Any CPU.Build.0 = Release|Any CPU
		{28473D42-2D2B-4431-87F8-7F67D496F866}.Debug|Any CPU.ActiveCfg = Debug|Any CPU
		{28473D42-2D2B-4431-87F8-7F67D496F866}.Debug|Any CPU.Build.0 = Debug|Any CPU
		{28473D42-2D2B-4431-87F8-7F67D496F866}.Release|Any CPU.ActiveCfg = Release|Any CPU
		{28473D42-2D2B-4431-87F8-7F67D496F866}.Release|Any CPU.Build.0 = Release|Any CPU
		{77996EAC-9845-4531-87F8-ABBD9B7E1023}.Debug|Any CPU.ActiveCfg = Debug|Any CPU
		{77996EAC-9845-4531-87F8-ABBD9B7E1023}.Debug|Any CPU.Build.0 = Debug|Any CPU
		{77996EAC-9845-4531-87F8-ABBD9B7E1023}.Release|Any CPU.ActiveCfg = Release|Any CPU
		{77996EAC-9845-4531-87F8-ABBD9B7E1023}.Release|Any CPU.Build.0 = Release|Any CPU
		{EB9D2219-3741-4036-BE0A-23BEE41B286A}.Debug|Any CPU.ActiveCfg = Debug|Any CPU
		{EB9D2219-3741-4036-BE0A-23BEE41B286A}.Debug|Any CPU.Build.0 = Debug|Any CPU
		{EB9D2219-3741-4036-BE0A-23BEE41B286A}.Release|Any CPU.ActiveCfg = Release|Any CPU
		{EB9D2219-3741-4036-BE0A-23BEE41B286A}.Release|Any CPU.Build.0 = Release|Any CPU
		{4F377F8E-FE15-4A70-A185-459BF064419F}.Debug|Any CPU.ActiveCfg = Debug|Any CPU
		{4F377F8E-FE15-4A70-A185-459BF064419F}.Debug|Any CPU.Build.0 = Debug|Any CPU
		{4F377F8E-FE15-4A70-A185-459BF064419F}.Release|Any CPU.ActiveCfg = Release|Any CPU
		{4F377F8E-FE15-4A70-A185-459BF064419F}.Release|Any CPU.Build.0 = Release|Any CPU
		{57A98366-4C41-4A73-B937-D7C6BACBA637}.Debug|Any CPU.ActiveCfg = Debug|Any CPU
		{57A98366-4C41-4A73-B937-D7C6BACBA637}.Debug|Any CPU.Build.0 = Debug|Any CPU
		{57A98366-4C41-4A73-B937-D7C6BACBA637}.Release|Any CPU.ActiveCfg = Release|Any CPU
		{57A98366-4C41-4A73-B937-D7C6BACBA637}.Release|Any CPU.Build.0 = Release|Any CPU
	EndGlobalSection
	GlobalSection(SolutionProperties) = preSolution
		HideSolutionNode = FALSE
	EndGlobalSection
	GlobalSection(ExtensibilityGlobals) = postSolution
		SolutionGuid = {9A6FA300-349F-471B-AB90-DD23B0D604C9}
	EndGlobalSection
EndGlobal
