
Microsoft Visual Studio Solution File, Format Version 12.00
# Visual Studio Version 16
VisualStudioVersion = 25.0.1700.0
MinimumVisualStudioVersion = 10.0.40219.1
Project("{FAE04EC0-301F-11D3-BF4B-00C04F79EFBC}") = "SmartG.API", "SmartG.API\SmartG.API.csproj", "{AC7CD357-87C0-43CA-9E8A-4418E6FE28D4}"
EndProject
Global
	GlobalSection(SolutionConfigurationPlatforms) = preSolution
		Debug|Any CPU = Debug|Any CPU
		Release|Any CPU = Release|Any CPU
	EndGlobalSection
	GlobalSection(ProjectConfigurationPlatforms) = postSolution
		{AC7CD357-87C0-43CA-9E8A-4418E6FE28D4}.Debug|Any CPU.ActiveCfg = Debug|Any CPU
		{AC7CD357-87C0-43CA-9E8A-4418E6FE28D4}.Debug|Any CPU.Build.0 = Debug|Any CPU
		{AC7CD357-87C0-43CA-9E8A-4418E6FE28D4}.Release|Any CPU.ActiveCfg = Release|Any CPU
		{AC7CD357-87C0-43CA-9E8A-4418E6FE28D4}.Release|Any CPU.Build.0 = Release|Any CPU
	EndGlobalSection
	GlobalSection(SolutionProperties) = preSolution
		HideSolutionNode = FALSE
	EndGlobalSection
	GlobalSection(ExtensibilityGlobals) = postSolution
		SolutionGuid = {9A6FA300-349F-471B-AB90-DD23B0D604C9}
	EndGlobalSection
EndGlobal
